
Microsoft Visual Studio Solution File, Format Version 12.00
# Visual Studio Version 16
VisualStudioVersion = 16.0.33529.622
MinimumVisualStudioVersion = 10.0.40219.1
Project("{FAE04EC0-301F-11D3-BF4B-00C04F79EFBC}") = "Project5Scheffler", "Project5Scheffler\Project5Scheffler.csproj", "{05342605-0202-4006-BE63-E4B4F154618C}"
EndProject
Global
	GlobalSection(SolutionConfigurationPlatforms) = preSolution
		Debug|Any CPU = Debug|Any CPU
		Release|Any CPU = Release|Any CPU
	EndGlobalSection
	GlobalSection(ProjectConfigurationPlatforms) = postSolution
		{05342605-0202-4006-BE63-E4B4F154618C}.Debug|Any CPU.ActiveCfg = Debug|Any CPU
		{05342605-0202-4006-BE63-E4B4F154618C}.Debug|Any CPU.Build.0 = Debug|Any CPU
		{05342605-0202-4006-BE63-E4B4F154618C}.Release|Any CPU.ActiveCfg = Release|Any CPU
		{05342605-0202-4006-BE63-E4B4F154618C}.Release|Any CPU.Build.0 = Release|Any CPU
	EndGlobalSection
	GlobalSection(SolutionProperties) = preSolution
		HideSolutionNode = FALSE
	EndGlobalSection
	GlobalSection(ExtensibilityGlobals) = postSolution
		SolutionGuid = {D7E94E39-F1CE-46B9-9043-B469B8FA73DA}
	EndGlobalSection
EndGlobal
